
Microsoft Visual Studio Solution File, Format Version 12.00
# Visual Studio Version 16
VisualStudioVersion = 25.0.1700.0
MinimumVisualStudioVersion = 10.0.40219.1
Project("{FAE04EC0-301F-11D3-BF4B-00C04F79EFBC}") = "cs13_paskaita_Class", "cs13_paskaita_Class\cs13_paskaita_Class.csproj", "{8907E377-8AF5-442A-9953-861AC85E71B2}"
EndProject
Global
	GlobalSection(SolutionConfigurationPlatforms) = preSolution
		Debug|Any CPU = Debug|Any CPU
		Release|Any CPU = Release|Any CPU
	EndGlobalSection
	GlobalSection(ProjectConfigurationPlatforms) = postSolution
		{8907E377-8AF5-442A-9953-861AC85E71B2}.Debug|Any CPU.ActiveCfg = Debug|Any CPU
		{8907E377-8AF5-442A-9953-861AC85E71B2}.Debug|Any CPU.Build.0 = Debug|Any CPU
		{8907E377-8AF5-442A-9953-861AC85E71B2}.Release|Any CPU.ActiveCfg = Release|Any CPU
		{8907E377-8AF5-442A-9953-861AC85E71B2}.Release|Any CPU.Build.0 = Release|Any CPU
	EndGlobalSection
	GlobalSection(SolutionProperties) = preSolution
		HideSolutionNode = FALSE
	EndGlobalSection
	GlobalSection(ExtensibilityGlobals) = postSolution
		SolutionGuid = {A32F194B-163E-42CE-8718-D26E27516D5B}
	EndGlobalSection
EndGlobal
